
Microsoft Visual Studio Solution File, Format Version 12.00
# Visual Studio Version 17
VisualStudioVersion = 17.8.34601.278
MinimumVisualStudioVersion = 10.0.40219.1
Project("{9A19103F-16F7-4668-BE54-9A1E7A4F7556}") = "WpfKiosk", "WpfKiosk\WpfKiosk.csproj", "{75E386B3-98C8-4025-AF13-03D72D4FC0E6}"
EndProject
Project("{9A19103F-16F7-4668-BE54-9A1E7A4F7556}") = "WpfKiosk.Support", "WpfKiosk.Support\WpfKiosk.Support.csproj", "{525B6119-3847-4ADF-BE2F-B3F760277AB4}"
EndProject
Project("{9A19103F-16F7-4668-BE54-9A1E7A4F7556}") = "WpfKiosk.Design", "WpfKiosk.Design\WpfKiosk.Design.csproj", "{0640F069-7CD3-4F22-98B1-39D299D74659}"
EndProject
Project("{9A19103F-16F7-4668-BE54-9A1E7A4F7556}") = "WpfKiosk.Forms", "WpfKiosk.Forms\WpfKiosk.Forms.csproj", "{785DC6C2-EE18-4887-9DFD-EC7B5EAA3C9F}"
EndProject
Project("{FAE04EC0-301F-11D3-BF4B-00C04F79EFBC}") = "WpfKiosk.MainMenu", "WpfKiosk.MainMenu\WpfKiosk.MainMenu.csproj", "{1B68950B-BE0D-4EEF-A8E1-8D3433ABD419}"
EndProject
Global
	GlobalSection(SolutionConfigurationPlatforms) = preSolution
		Debug|Any CPU = Debug|Any CPU
		Release|Any CPU = Release|Any CPU
	EndGlobalSection
	GlobalSection(ProjectConfigurationPlatforms) = postSolution
		{75E386B3-98C8-4025-AF13-03D72D4FC0E6}.Debug|Any CPU.ActiveCfg = Debug|Any CPU
		{75E386B3-98C8-4025-AF13-03D72D4FC0E6}.Debug|Any CPU.Build.0 = Debug|Any CPU
		{75E386B3-98C8-4025-AF13-03D72D4FC0E6}.Release|Any CPU.ActiveCfg = Release|Any CPU
		{75E386B3-98C8-4025-AF13-03D72D4FC0E6}.Release|Any CPU.Build.0 = Release|Any CPU
		{525B6119-3847-4ADF-BE2F-B3F760277AB4}.Debug|Any CPU.ActiveCfg = Debug|Any CPU
		{525B6119-3847-4ADF-BE2F-B3F760277AB4}.Debug|Any CPU.Build.0 = Debug|Any CPU
		{525B6119-3847-4ADF-BE2F-B3F760277AB4}.Release|Any CPU.ActiveCfg = Release|Any CPU
		{525B6119-3847-4ADF-BE2F-B3F760277AB4}.Release|Any CPU.Build.0 = Release|Any CPU
		{0640F069-7CD3-4F22-98B1-39D299D74659}.Debug|Any CPU.ActiveCfg = Debug|Any CPU
		{0640F069-7CD3-4F22-98B1-39D299D74659}.Debug|Any CPU.Build.0 = Debug|Any CPU
		{0640F069-7CD3-4F22-98B1-39D299D74659}.Release|Any CPU.ActiveCfg = Release|Any CPU
		{0640F069-7CD3-4F22-98B1-39D299D74659}.Release|Any CPU.Build.0 = Release|Any CPU
		{785DC6C2-EE18-4887-9DFD-EC7B5EAA3C9F}.Debug|Any CPU.ActiveCfg = Debug|Any CPU
		{785DC6C2-EE18-4887-9DFD-EC7B5EAA3C9F}.Debug|Any CPU.Build.0 = Debug|Any CPU
		{785DC6C2-EE18-4887-9DFD-EC7B5EAA3C9F}.Release|Any CPU.ActiveCfg = Release|Any CPU
		{785DC6C2-EE18-4887-9DFD-EC7B5EAA3C9F}.Release|Any CPU.Build.0 = Release|Any CPU
		{1B68950B-BE0D-4EEF-A8E1-8D3433ABD419}.Debug|Any CPU.ActiveCfg = Debug|Any CPU
		{1B68950B-BE0D-4EEF-A8E1-8D3433ABD419}.Debug|Any CPU.Build.0 = Debug|Any CPU
		{1B68950B-BE0D-4EEF-A8E1-8D3433ABD419}.Release|Any CPU.ActiveCfg = Release|Any CPU
		{1B68950B-BE0D-4EEF-A8E1-8D3433ABD419}.Release|Any CPU.Build.0 = Release|Any CPU
	EndGlobalSection
	GlobalSection(SolutionProperties) = preSolution
		HideSolutionNode = FALSE
	EndGlobalSection
	GlobalSection(ExtensibilityGlobals) = postSolution
		SolutionGuid = {B29B8DEA-57AF-4240-B29A-12D363F92E67}
	EndGlobalSection
EndGlobal
